// !$*UTF8*$!
{
	archiveVersion = 1;
	classes = {
	};
	objectVersion = 50;
	objects = {

/* Begin PBXBuildFile section */
		3F631E8D22AE41F600FDBCA8 /* AppDelegate.swift in Sources */ = {isa = PBXBuildFile; fileRef = 3F631E8C22AE41F600FDBCA8 /* AppDelegate.swift */; };
		3F631E8F22AE41F600FDBCA8 /* ViewController.swift in Sources */ = {isa = PBXBuildFile; fileRef = 3F631E8E22AE41F600FDBCA8 /* ViewController.swift */; };
		3F631E9222AE41F600FDBCA8 /* Main.storyboard in Resources */ = {isa = PBXBuildFile; fileRef = 3F631E9022AE41F600FDBCA8 /* Main.storyboard */; };
		3F631E9422AE41FC00FDBCA8 /* Assets.xcassets in Resources */ = {isa = PBXBuildFile; fileRef = 3F631E9322AE41FC00FDBCA8 /* Assets.xcassets */; };
		3F631E9722AE41FC00FDBCA8 /* LaunchScreen.storyboard in Resources */ = {isa = PBXBuildFile; fileRef = 3F631E9522AE41FC00FDBCA8 /* LaunchScreen.storyboard */; };
		3F631EA022AE4B6F00FDBCA8 /* ProductTableCell.swift in Sources */ = {isa = PBXBuildFile; fileRef = 3F631E9E22AE4B6F00FDBCA8 /* ProductTableCell.swift */; };
		3F631EA122AE4B6F00FDBCA8 /* ProductTableCell.xib in Resources */ = {isa = PBXBuildFile; fileRef = 3F631E9F22AE4B6F00FDBCA8 /* ProductTableCell.xib */; };
/* End PBXBuildFile section */

/* Begin PBXFileReference section */
		3F631E8922AE41F600FDBCA8 /* SportsStore.app */ = {isa = PBXFileReference; explicitFileType = wrapper.application; includeInIndex = 0; path = SportsStore.app; sourceTree = BUILT_PRODUCTS_DIR; };
		3F631E8C22AE41F600FDBCA8 /* AppDelegate.swift */ = {isa = PBXFileReference; lastKnownFileType = sourcecode.swift; path = AppDelegate.swift; sourceTree = "<group>"; };
		3F631E8E22AE41F600FDBCA8 /* ViewController.swift */ = {isa = PBXFileReference; lastKnownFileType = sourcecode.swift; path = ViewController.swift; sourceTree = "<group>"; };
		3F631E9122AE41F600FDBCA8 /* Base */ = {isa = PBXFileReference; lastKnownFileType = file.storyboard; name = Base; path = Base.lproj/Main.storyboard; sourceTree = "<group>"; };
		3F631E9322AE41FC00FDBCA8 /* Assets.xcassets */ = {isa = PBXFileReference; lastKnownFileType = folder.assetcatalog; path = Assets.xcassets; sourceTree = "<group>"; };
		3F631E9622AE41FC00FDBCA8 /* Base */ = {isa = PBXFileReference; lastKnownFileType = file.storyboard; name = Base; path = Base.lproj/LaunchScreen.storyboard; sourceTree = "<group>"; };
		3F631E9822AE41FC00FDBCA8 /* Info.plist */ = {isa = PBXFileReference; lastKnownFileType = text.plist.xml; path = Info.plist; sourceTree = "<group>"; };
		3F631E9E22AE4B6F00FDBCA8 /* ProductTableCell.swift */ = {isa = PBXFileReference; lastKnownFileType = sourcecode.swift; path = ProductTableCell.swift; sourceTree = "<group>"; };
		3F631E9F22AE4B6F00FDBCA8 /* ProductTableCell.xib */ = {isa = PBXFileReference; lastKnownFileType = file.xib; path = ProductTableCell.xib; sourceTree = "<group>"; };
/* End PBXFileReference section */

/* Begin PBXFrameworksBuildPhase section */
		3F631E8622AE41F600FDBCA8 /* Frameworks */ = {
			isa = PBXFrameworksBuildPhase;
			buildActionMask = 2147483647;
			files = (
			);
			runOnlyForDeploymentPostprocessing = 0;
		};
/* End PBXFrameworksBuildPhase section */

/* Begin PBXGroup section */
		3F631E8022AE41F600FDBCA8 = {
			isa = PBXGroup;
			children = (
				3F631E8B22AE41F600FDBCA8 /* SportsStore */,
				3F631E8A22AE41F600FDBCA8 /* Products */,
			);
			sourceTree = "<group>";
		};
		3F631E8A22AE41F600FDBCA8 /* Products */ = {
			isa = PBXGroup;
			children = (
				3F631E8922AE41F600FDBCA8 /* SportsStore.app */,
			);
			name = Products;
			sourceTree = "<group>";
		};
		3F631E8B22AE41F600FDBCA8 /* SportsStore */ = {
			isa = PBXGroup;
			children = (
				3F631E8C22AE41F600FDBCA8 /* AppDelegate.swift */,
				3F631E8E22AE41F600FDBCA8 /* ViewController.swift */,
				3F631E9022AE41F600FDBCA8 /* Main.storyboard */,
				3F631E9322AE41FC00FDBCA8 /* Assets.xcassets */,
				3F631E9522AE41FC00FDBCA8 /* LaunchScreen.storyboard */,
				3F631E9822AE41FC00FDBCA8 /* Info.plist */,
				3F631E9E22AE4B6F00FDBCA8 /* ProductTableCell.swift */,
				3F631E9F22AE4B6F00FDBCA8 /* ProductTableCell.xib */,
			);
			path = SportsStore;
			sourceTree = "<group>";
		};
/* End PBXGroup section */

/* Begin PBXNativeTarget section */
		3F631E8822AE41F600FDBCA8 /* SportsStore */ = {
			isa = PBXNativeTarget;
			buildConfigurationList = 3F631E9B22AE41FC00FDBCA8 /* Build configuration list for PBXNativeTarget "SportsStore" */;
			buildPhases = (
				3F631E8522AE41F600FDBCA8 /* Sources */,
				3F631E8622AE41F600FDBCA8 /* Frameworks */,
				3F631E8722AE41F600FDBCA8 /* Resources */,
			);
			buildRules = (
			);
			dependencies = (
			);
			name = SportsStore;
			productName = SportsStore;
			productReference = 3F631E8922AE41F600FDBCA8 /* SportsStore.app */;
			productType = "com.apple.product-type.application";
		};
/* End PBXNativeTarget section */

/* Begin PBXProject section */
		3F631E8122AE41F600FDBCA8 /* Project object */ = {
			isa = PBXProject;
			attributes = {
				LastSwiftUpdateCheck = 1010;
				LastUpgradeCheck = 1010;
				ORGANIZATIONNAME = CoderDream;
				TargetAttributes = {
					3F631E8822AE41F600FDBCA8 = {
						CreatedOnToolsVersion = 10.1;
					};
				};
			};
			buildConfigurationList = 3F631E8422AE41F600FDBCA8 /* Build configuration list for PBXProject "SportsStore" */;
			compatibilityVersion = "Xcode 9.3";
			developmentRegion = en;
			hasScannedForEncodings = 0;
			knownRegions = (
				en,
				Base,
			);
			mainGroup = 3F631E8022AE41F600FDBCA8;
			productRefGroup = 3F631E8A22AE41F600FDBCA8 /* Products */;
			projectDirPath = "";
			projectRoot = "";
			targets = (
				3F631E8822AE41F600FDBCA8 /* SportsStore */,
			);
		};
/* End PBXProject section */

/* Begin PBXResourcesBuildPhase section */
		3F631E8722AE41F600FDBCA8 /* Resources */ = {
			isa = PBXResourcesBuildPhase;
			buildActionMask = 2147483647;
			files = (
				3F631E9722AE41FC00FDBCA8 /* LaunchScreen.storyboard in Resources */,
				3F631E9422AE41FC00FDBCA8 /* Assets.xcassets in Resources */,
				3F631EA122AE4B6F00FDBCA8 /* ProductTableCell.xib in Resources */,
				3F631E9222AE41F600FDBCA8 /* Main.storyboard in Resources */,
			);
			runOnlyForDeploymentPostprocessing = 0;
		};
/* End PBXResourcesBuildPhase section */

/* Begin PBXSourcesBuildPhase section */
		3F631E8522AE41F600FDBCA8 /* Sources */ = {
			isa = PBXSourcesBuildPhase;
			buildActionMask = 2147483647;
			files = (
				3F631EA022AE4B6F00FDBCA8 /* ProductTableCell.swift in Sources */,
				3F631E8F22AE41F600FDBCA8 /* ViewController.swift in Sources */,
				3F631E8D22AE41F600FDBCA8 /* AppDelegate.swift in Sources */,
			);
			runOnlyForDeploymentPostprocessing = 0;
		};
/* End PBXSourcesBuildPhase section */

/* Begin PBXVariantGroup section */
		3F631E9022AE41F600FDBCA8 /* Main.storyboard */ = {
			isa = PBXVariantGroup;
			children = (
				3F631E9122AE41F600FDBCA8 /* Base */,
			);
			name = Main.storyboard;
			sourceTree = "<group>";
		};
		3F631E9522AE41FC00FDBCA8 /* LaunchScreen.storyboard */ = {
			isa = PBXVariantGroup;
			children = (
				3F631E9622AE41FC00FDBCA8 /* Base */,
			);
			name = LaunchScreen.storyboard;
			sourceTree = "<group>";
		};
/* End PBXVariantGroup section */

/* Begin XCBuildConfiguration section */
		3F631E9922AE41FC00FDBCA8 /* Debug */ = {
			isa = XCBuildConfiguration;
			buildSettings = {
				ALWAYS_SEARCH_USER_PATHS = NO;
				CLANG_ANALYZER_NONNULL = YES;
				CLANG_ANALYZER_NUMBER_OBJECT_CONVERSION = YES_AGGRESSIVE;
				CLANG_CXX_LANGUAGE_STANDARD = "gnu++14";
				CLANG_CXX_LIBRARY = "libc++";
				CLANG_ENABLE_MODULES = YES;
				CLANG_ENABLE_OBJC_ARC = YES;
				CLANG_ENABLE_OBJC_WEAK = YES;
				CLANG_WARN_BLOCK_CAPTURE_AUTORELEASING = YES;
				CLANG_WARN_BOOL_CONVERSION = YES;
				CLANG_WARN_COMMA = YES;
				CLANG_WARN_CONSTANT_CONVERSION = YES;
				CLANG_WARN_DEPRECATED_OBJC_IMPLEMENTATIONS = YES;
				CLANG_WARN_DIRECT_OBJC_ISA_USAGE = YES_ERROR;
				CLANG_WARN_DOCUMENTATION_COMMENTS = YES;
				CLANG_WARN_EMPTY_BODY = YES;
				CLANG_WARN_ENUM_CONVERSION = YES;
				CLANG_WARN_INFINITE_RECURSION = YES;
				CLANG_WARN_INT_CONVERSION = YES;
				CLANG_WARN_NON_LITERAL_NULL_CONVERSION = YES;
				CLANG_WARN_OBJC_IMPLICIT_RETAIN_SELF = YES;
				CLANG_WARN_OBJC_LITERAL_CONVERSION = YES;
				CLANG_WARN_OBJC_ROOT_CLASS = YES_ERROR;
				CLANG_WARN_RANGE_LOOP_ANALYSIS = YES;
				CLANG_WARN_STRICT_PROTOTYPES = YES;
				CLANG_WARN_SUSPICIOUS_MOVE = YES;
				CLANG_WARN_UNGUARDED_AVAILABILITY = YES_AGGRESSIVE;
				CLANG_WARN_UNREACHABLE_CODE = YES;
				CLANG_WARN__DUPLICATE_METHOD_MATCH = YES;
				CODE_SIGN_IDENTITY = "iPhone Developer";
				COPY_PHASE_STRIP = NO;
				DEBUG_INFORMATION_FORMAT = dwarf;
				ENABLE_STRICT_OBJC_MSGSEND = YES;
				ENABLE_TESTABILITY = YES;
				GCC_C_LANGUAGE_STANDARD = gnu11;
				GCC_DYNAMIC_NO_PIC = NO;
				GCC_NO_COMMON_BLOCKS = YES;
				GCC_OPTIMIZATION_LEVEL = 0;
				GCC_PREPROCESSOR_DEFINITIONS = (
					"DEBUG=1",
					"$(inherited)",
				);
				GCC_WARN_64_TO_32_BIT_CONVERSION = YES;
				GCC_WARN_ABOUT_RETURN_TYPE = YES_ERROR;
				GCC_WARN_UNDECLARED_SELECTOR = YES;
				GCC_WARN_UNINITIALIZED_AUTOS = YES_AGGRESSIVE;
				GCC_WARN_UNUSED_FUNCTION = YES;
				GCC_WARN_UNUSED_VARIABLE = YES;
				IPHONEOS_DEPLOYMENT_TARGET = 12.1;
				MTL_ENABLE_DEBUG_INFO = INCLUDE_SOURCE;
				MTL_FAST_MATH = YES;
				ONLY_ACTIVE_ARCH = YES;
				SDKROOT = iphoneos;
				SWIFT_ACTIVE_COMPILATION_CONDITIONS = DEBUG;
				SWIFT_OPTIMIZATION_LEVEL = "-Onone";
			};
			name = Debug;
		};
		3F631E9A22AE41FC00FDBCA8 /* Release */ = {
			isa = XCBuildConfiguration;
			buildSettings = {
				ALWAYS_SEARCH_USER_PATHS = NO;
				CLANG_ANALYZER_NONNULL = YES;
				CLANG_ANALYZER_NUMBER_OBJECT_CONVERSION = YES_AGGRESSIVE;
				CLANG_CXX_LANGUAGE_STANDARD = "gnu++14";
				CLANG_CXX_LIBRARY = "libc++";
				CLANG_ENABLE_MODULES = YES;
				CLANG_ENABLE_OBJC_ARC = YES;
				CLANG_ENABLE_OBJC_WEAK = YES;
				CLANG_WARN_BLOCK_CAPTURE_AUTORELEASING = YES;
				CLANG_WARN_BOOL_CONVERSION = YES;
				CLANG_WARN_COMMA = YES;
				CLANG_WARN_CONSTANT_CONVERSION = YES;
				CLANG_WARN_DEPRECATED_OBJC_IMPLEMENTATIONS = YES;
				CLANG_WARN_DIRECT_OBJC_ISA_USAGE = YES_ERROR;
				CLANG_WARN_DOCUMENTATION_COMMENTS = YES;
				CLANG_WARN_EMPTY_BODY = YES;
				CLANG_WARN_ENUM_CONVERSION = YES;
				CLANG_WARN_INFINITE_RECURSION = YES;
				CLANG_WARN_INT_CONVERSION = YES;
				CLANG_WARN_NON_LITERAL_NULL_CONVERSION = YES;
				CLANG_WARN_OBJC_IMPLICIT_RETAIN_SELF = YES;
				CLANG_WARN_OBJC_LITERAL_CONVERSION = YES;
				CLANG_WARN_OBJC_ROOT_CLASS = YES_ERROR;
				CLANG_WARN_RANGE_LOOP_ANALYSIS = YES;
				CLANG_WARN_STRICT_PROTOTYPES = YES;
				CLANG_WARN_SUSPICIOUS_MOVE = YES;
				CLANG_WARN_UNGUARDED_AVAILABILITY = YES_AGGRESSIVE;
				CLANG_WARN_UNREACHABLE_CODE = YES;
				CLANG_WARN__DUPLICATE_METHOD_MATCH = YES;
				CODE_SIGN_IDENTITY = "iPhone Developer";
				COPY_PHASE_STRIP = NO;
				DEBUG_INFORMATION_FORMAT = "dwarf-with-dsym";
				ENABLE_NS_ASSERTIONS = NO;
				ENABLE_STRICT_OBJC_MSGSEND = YES;
				GCC_C_LANGUAGE_STANDARD = gnu11;
				GCC_NO_COMMON_BLOCKS = YES;
				GCC_WARN_64_TO_32_BIT_CONVERSION = YES;
				GCC_WARN_ABOUT_RETURN_TYPE = YES_ERROR;
				GCC_WARN_UNDECLARED_SELECTOR = YES;
				GCC_WARN_UNINITIALIZED_AUTOS = YES_AGGRESSIVE;
				GCC_WARN_UNUSED_FUNCTION = YES;
				GCC_WARN_UNUSED_VARIABLE = YES;
				IPHONEOS_DEPLOYMENT_TARGET = 12.1;
				MTL_ENABLE_DEBUG_INFO = NO;
				MTL_FAST_MATH = YES;
				SDKROOT = iphoneos;
				SWIFT_COMPILATION_MODE = wholemodule;
				SWIFT_OPTIMIZATION_LEVEL = "-O";
				VALIDATE_PRODUCT = YES;
			};
			name = Release;
		};
		3F631E9C22AE41FC00FDBCA8 /* Debug */ = {
			isa = XCBuildConfiguration;
			buildSettings = {
				ASSETCATALOG_COMPILER_APPICON_NAME = AppIcon;
				CODE_SIGN_STYLE = Automatic;
				DEVELOPMENT_TEAM = 6GP5VW643M;
				INFOPLIST_FILE = SportsStore/Info.plist;
				LD_RUNPATH_SEARCH_PATHS = (
					"$(inherited)",
					"@executable_path/Frameworks",
				);
				PRODUCT_BUNDLE_IDENTIFIER = com.coderdream126.SportsStore;
				PRODUCT_NAME = "$(TARGET_NAME)";
				SWIFT_VERSION = 4.2;
				TARGETED_DEVICE_FAMILY = "1,2";
			};
			name = Debug;
		};
		3F631E9D22AE41FC00FDBCA8 /* Release */ = {
			isa = XCBuildConfiguration;
			buildSettings = {
				ASSETCATALOG_COMPILER_APPICON_NAME = AppIcon;
				CODE_SIGN_STYLE = Automatic;
				DEVELOPMENT_TEAM = 6GP5VW643M;
				INFOPLIST_FILE = SportsStore/Info.plist;
				LD_RUNPATH_SEARCH_PATHS = (
					"$(inherited)",
					"@executable_path/Frameworks",
				);
				PRODUCT_BUNDLE_IDENTIFIER = com.coderdream126.SportsStore;
				PRODUCT_NAME = "$(TARGET_NAME)";
				SWIFT_VERSION = 4.2;
				TARGETED_DEVICE_FAMILY = "1,2";
			};
			name = Release;
		};
/* End XCBuildConfiguration section */

/* Begin XCConfigurationList section */
		3F631E8422AE41F600FDBCA8 /* Build configuration list for PBXProject "SportsStore" */ = {
			isa = XCConfigurationList;
			buildConfigurations = (
				3F631E9922AE41FC00FDBCA8 /* Debug */,
				3F631E9A22AE41FC00FDBCA8 /* Release */,
			);
			defaultConfigurationIsVisible = 0;
			defaultConfigurationName = Release;
		};
		3F631E9B22AE41FC00FDBCA8 /* Build configuration list for PBXNativeTarget "SportsStore" */ = {
			isa = XCConfigurationList;
			buildConfigurations = (
				3F631E9C22AE41FC00FDBCA8 /* Debug */,
				3F631E9D22AE41FC00FDBCA8 /* Release */,
			);
			defaultConfigurationIsVisible = 0;
			defaultConfigurationName = Release;
		};
/* End XCConfigurationList section */
	};
	rootObject = 3F631E8122AE41F600FDBCA8 /* Project object */;
}
